
Microsoft Visual Studio Solution File, Format Version 12.00
# Visual Studio Version 16
VisualStudioVersion = 16.0.29911.84
MinimumVisualStudioVersion = 10.0.40219.1
Project("{FAE04EC0-301F-11D3-BF4B-00C04F79EFBC}") = "MvcTestGitAzure", "MvcTestGitAzure.csproj", "{7224EBD4-D3D5-42F1-AF69-EC715439F715}"
EndProject
Global
	GlobalSection(SolutionConfigurationPlatforms) = preSolution
		Debug|Any CPU = Debug|Any CPU
		Release|Any CPU = Release|Any CPU
	EndGlobalSection
	GlobalSection(ProjectConfigurationPlatforms) = postSolution
		{7224EBD4-D3D5-42F1-AF69-EC715439F715}.Debug|Any CPU.ActiveCfg = Debug|Any CPU
		{7224EBD4-D3D5-42F1-AF69-EC715439F715}.Debug|Any CPU.Build.0 = Debug|Any CPU
		{7224EBD4-D3D5-42F1-AF69-EC715439F715}.Release|Any CPU.ActiveCfg = Release|Any CPU
		{7224EBD4-D3D5-42F1-AF69-EC715439F715}.Release|Any CPU.Build.0 = Release|Any CPU
	EndGlobalSection
	GlobalSection(SolutionProperties) = preSolution
		HideSolutionNode = FALSE
	EndGlobalSection
	GlobalSection(ExtensibilityGlobals) = postSolution
		SolutionGuid = {AF65F47D-67B7-4316-A725-98A888F4807F}
	EndGlobalSection
EndGlobal
